// !$*UTF8*$!
{
	archiveVersion = 1;
	classes = {
	};
	objectVersion = 56;
	objects = {

/* Begin PBXBuildFile section */
		BC1D387B2A8EA02400B6F976 /* NewTrackerDelegate.swift in Sources */ = {isa = PBXBuildFile; fileRef = BC1D387A2A8EA02400B6F976 /* NewTrackerDelegate.swift */; };
		BC1D45622AB22319007D5F5A /* StatisticsCell.swift in Sources */ = {isa = PBXBuildFile; fileRef = BC1D45612AB22319007D5F5A /* StatisticsCell.swift */; };
		BC2A7BAC2AB4321700335654 /* StatisticsViewModel.swift in Sources */ = {isa = PBXBuildFile; fileRef = BC2A7BAB2AB4321600335654 /* StatisticsViewModel.swift */; };
		BC2A7BAE2AB4322400335654 /* StatisticsService.swift in Sources */ = {isa = PBXBuildFile; fileRef = BC2A7BAD2AB4322400335654 /* StatisticsService.swift */; };
		BC2A7BB02AB64ACC00335654 /* AlertPresenter.swift in Sources */ = {isa = PBXBuildFile; fileRef = BC2A7BAF2AB64ACC00335654 /* AlertPresenter.swift */; };
		BC2A7BB22AB778E400335654 /* Localizable.strings in Resources */ = {isa = PBXBuildFile; fileRef = BC2A7BB42AB778E400335654 /* Localizable.strings */; };
		BC2A7BB72AB77A9D00335654 /* Localizable.stringsdict in Resources */ = {isa = PBXBuildFile; fileRef = BC2A7BB92AB77A9D00335654 /* Localizable.stringsdict */; };
		BC307D012A7977030076AA89 /* Extension UIColor + Emojis.swift in Sources */ = {isa = PBXBuildFile; fileRef = BC307D002A7977030076AA89 /* Extension UIColor + Emojis.swift */; };
		BC307D032A797D820076AA89 /* Extension DateFormatter + Weekdays.swift in Sources */ = {isa = PBXBuildFile; fileRef = BC307D022A797D820076AA89 /* Extension DateFormatter + Weekdays.swift */; };
		BC307D092A79805F0076AA89 /* TabBarController.swift in Sources */ = {isa = PBXBuildFile; fileRef = BC307D082A79805F0076AA89 /* TabBarController.swift */; };
		BC307D0B2A7980830076AA89 /* StatisticsViewController.swift in Sources */ = {isa = PBXBuildFile; fileRef = BC307D0A2A7980830076AA89 /* StatisticsViewController.swift */; };
		BC307D0D2A79810A0076AA89 /* TrackerTypeChoiceViewController.swift in Sources */ = {isa = PBXBuildFile; fileRef = BC307D0C2A79810A0076AA89 /* TrackerTypeChoiceViewController.swift */; };
		BC307D0F2A79814C0076AA89 /* NewTrackerViewController.swift in Sources */ = {isa = PBXBuildFile; fileRef = BC307D0E2A79814C0076AA89 /* NewTrackerViewController.swift */; };
		BC5157132A72D3F80080B6EA /* AppDelegate.swift in Sources */ = {isa = PBXBuildFile; fileRef = BC5157122A72D3F80080B6EA /* AppDelegate.swift */; };
		BC5157152A72D3F80080B6EA /* SceneDelegate.swift in Sources */ = {isa = PBXBuildFile; fileRef = BC5157142A72D3F80080B6EA /* SceneDelegate.swift */; };
		BC5157172A72D3F90080B6EA /* TrackerListViewController.swift in Sources */ = {isa = PBXBuildFile; fileRef = BC5157162A72D3F90080B6EA /* TrackerListViewController.swift */; };
		BC51571D2A72D3F90080B6EA /* Tracker.xcdatamodeld in Sources */ = {isa = PBXBuildFile; fileRef = BC51571B2A72D3F90080B6EA /* Tracker.xcdatamodeld */; };
		BC51571F2A72D3F90080B6EA /* Assets.xcassets in Resources */ = {isa = PBXBuildFile; fileRef = BC51571E2A72D3F90080B6EA /* Assets.xcassets */; };
		BC5157222A72D3F90080B6EA /* LaunchScreen.storyboard in Resources */ = {isa = PBXBuildFile; fileRef = BC5157202A72D3F90080B6EA /* LaunchScreen.storyboard */; };
		BC52A7552A7C17CA009D9CEB /* TrackerCell.swift in Sources */ = {isa = PBXBuildFile; fileRef = BC52A7542A7C17CA009D9CEB /* TrackerCell.swift */; };
		BC537A1F2A803CE600407C34 /* FilterViewController.swift in Sources */ = {isa = PBXBuildFile; fileRef = BC537A1E2A803CE600407C34 /* FilterViewController.swift */; };
		BC75DC622A7D5959001CB797 /* TimetableViewController.swift in Sources */ = {isa = PBXBuildFile; fileRef = BC75DC612A7D5959001CB797 /* TimetableViewController.swift */; };
		BC75DC642A7D596C001CB797 /* CategoryListViewController.swift in Sources */ = {isa = PBXBuildFile; fileRef = BC75DC632A7D596C001CB797 /* CategoryListViewController.swift */; };
		BC75DC662A7D5999001CB797 /* NewCategoryViewController.swift in Sources */ = {isa = PBXBuildFile; fileRef = BC75DC652A7D5999001CB797 /* NewCategoryViewController.swift */; };
		BC75DC682A7D8831001CB797 /* EmptyTablePlaceholder.swift in Sources */ = {isa = PBXBuildFile; fileRef = BC75DC672A7D8831001CB797 /* EmptyTablePlaceholder.swift */; };
		BC9E20522A97AAC500D30116 /* TrackerCatHeader.swift in Sources */ = {isa = PBXBuildFile; fileRef = BC9E20512A97AAC500D30116 /* TrackerCatHeader.swift */; };
		BCB7239D2A96309B00AB7FA7 /* GerericAppButton.swift in Sources */ = {isa = PBXBuildFile; fileRef = BCB7239C2A96309B00AB7FA7 /* GerericAppButton.swift */; };
		BCE240D72AA790450040C2C8 /* OnboardingViewController.swift in Sources */ = {isa = PBXBuildFile; fileRef = BCE240D62AA790450040C2C8 /* OnboardingViewController.swift */; };
		BCE240D92AA7997B0040C2C8 /* OnboardingPageController.swift in Sources */ = {isa = PBXBuildFile; fileRef = BCE240D82AA7997B0040C2C8 /* OnboardingPageController.swift */; };
		BCE240DC2AA7A6690040C2C8 /* CategoryListViewModel.swift in Sources */ = {isa = PBXBuildFile; fileRef = BCE240DB2AA7A6690040C2C8 /* CategoryListViewModel.swift */; };
		BCE240DE2AA8FF620040C2C8 /* Observable.swift in Sources */ = {isa = PBXBuildFile; fileRef = BCE240DD2AA8FF620040C2C8 /* Observable.swift */; };
		BCE38F472A98C280005BE0E6 /* TimetableCell.swift in Sources */ = {isa = PBXBuildFile; fileRef = BCE38F462A98C280005BE0E6 /* TimetableCell.swift */; };
		BCE38F492A98D190005BE0E6 /* Extension UIImage.swift in Sources */ = {isa = PBXBuildFile; fileRef = BCE38F482A98D190005BE0E6 /* Extension UIImage.swift */; };
		BCE38F4B2A98FDF8005BE0E6 /* TrackerNameField.swift in Sources */ = {isa = PBXBuildFile; fileRef = BCE38F4A2A98FDF8005BE0E6 /* TrackerNameField.swift */; };
		BCE38F502A98FEFB005BE0E6 /* Tracker.swift in Sources */ = {isa = PBXBuildFile; fileRef = BCE38F4F2A98FEFB005BE0E6 /* Tracker.swift */; };
		BCE38F522A98FF77005BE0E6 /* TrackerRecord.swift in Sources */ = {isa = PBXBuildFile; fileRef = BCE38F512A98FF77005BE0E6 /* TrackerRecord.swift */; };
		BCE38F542A98FFAE005BE0E6 /* TrackerCategory.swift in Sources */ = {isa = PBXBuildFile; fileRef = BCE38F532A98FFAE005BE0E6 /* TrackerCategory.swift */; };
		BCE38F562A9904B2005BE0E6 /* Extension UIViewController.swift in Sources */ = {isa = PBXBuildFile; fileRef = BCE38F552A9904B2005BE0E6 /* Extension UIViewController.swift */; };
		BCE38F582A9B4590005BE0E6 /* ColorCell.swift in Sources */ = {isa = PBXBuildFile; fileRef = BCE38F572A9B4590005BE0E6 /* ColorCell.swift */; };
		BCE38F5A2A9B45D0005BE0E6 /* EmojiCell.swift in Sources */ = {isa = PBXBuildFile; fileRef = BCE38F592A9B45D0005BE0E6 /* EmojiCell.swift */; };
		BCE38F912A9FBCBA005BE0E6 /* TrackerStore.swift in Sources */ = {isa = PBXBuildFile; fileRef = BCE38F902A9FBCBA005BE0E6 /* TrackerStore.swift */; };
		BCE38F932A9FBCD7005BE0E6 /* RecordStore.swift in Sources */ = {isa = PBXBuildFile; fileRef = BCE38F922A9FBCD7005BE0E6 /* RecordStore.swift */; };
		BCE38F952A9FBCF2005BE0E6 /* CategoryStore.swift in Sources */ = {isa = PBXBuildFile; fileRef = BCE38F942A9FBCF2005BE0E6 /* CategoryStore.swift */; };
		BCF2FBDF2A7ACDDF007E6583 /* StorageService.swift in Sources */ = {isa = PBXBuildFile; fileRef = BCF2FBDE2A7ACDDF007E6583 /* StorageService.swift */; };
/* End PBXBuildFile section */

/* Begin PBXFileReference section */
		BC1D387A2A8EA02400B6F976 /* NewTrackerDelegate.swift */ = {isa = PBXFileReference; lastKnownFileType = sourcecode.swift; path = NewTrackerDelegate.swift; sourceTree = "<group>"; };
		BC1D45612AB22319007D5F5A /* StatisticsCell.swift */ = {isa = PBXFileReference; lastKnownFileType = sourcecode.swift; path = StatisticsCell.swift; sourceTree = "<group>"; };
		BC2A7BAB2AB4321600335654 /* StatisticsViewModel.swift */ = {isa = PBXFileReference; lastKnownFileType = sourcecode.swift; path = StatisticsViewModel.swift; sourceTree = "<group>"; };
		BC2A7BAD2AB4322400335654 /* StatisticsService.swift */ = {isa = PBXFileReference; lastKnownFileType = sourcecode.swift; path = StatisticsService.swift; sourceTree = "<group>"; };
		BC2A7BAF2AB64ACC00335654 /* AlertPresenter.swift */ = {isa = PBXFileReference; lastKnownFileType = sourcecode.swift; path = AlertPresenter.swift; sourceTree = "<group>"; };
		BC2A7BB12AB778CE00335654 /* ru */ = {isa = PBXFileReference; lastKnownFileType = text.plist.strings; name = ru; path = ru.lproj/LaunchScreen.strings; sourceTree = "<group>"; };
		BC2A7BB52AB778E700335654 /* ru */ = {isa = PBXFileReference; lastKnownFileType = text.plist.strings; name = ru; path = ru.lproj/Localizable.strings; sourceTree = "<group>"; };
		BC2A7BB62AB778F200335654 /* en */ = {isa = PBXFileReference; lastKnownFileType = text.plist.strings; name = en; path = en.lproj/Localizable.strings; sourceTree = "<group>"; };
		BC2A7BB82AB77A9D00335654 /* en */ = {isa = PBXFileReference; lastKnownFileType = text.plist.stringsdict; name = en; path = en.lproj/Localizable.stringsdict; sourceTree = "<group>"; };
		BC2A7BBA2AB77AA000335654 /* ru */ = {isa = PBXFileReference; lastKnownFileType = text.plist.stringsdict; name = ru; path = ru.lproj/Localizable.stringsdict; sourceTree = "<group>"; };
		BC307D002A7977030076AA89 /* Extension UIColor + Emojis.swift */ = {isa = PBXFileReference; lastKnownFileType = sourcecode.swift; path = "Extension UIColor + Emojis.swift"; sourceTree = "<group>"; };
		BC307D022A797D820076AA89 /* Extension DateFormatter + Weekdays.swift */ = {isa = PBXFileReference; lastKnownFileType = sourcecode.swift; path = "Extension DateFormatter + Weekdays.swift"; sourceTree = "<group>"; };
		BC307D082A79805F0076AA89 /* TabBarController.swift */ = {isa = PBXFileReference; lastKnownFileType = sourcecode.swift; path = TabBarController.swift; sourceTree = "<group>"; };
		BC307D0A2A7980830076AA89 /* StatisticsViewController.swift */ = {isa = PBXFileReference; lastKnownFileType = sourcecode.swift; path = StatisticsViewController.swift; sourceTree = "<group>"; };
		BC307D0C2A79810A0076AA89 /* TrackerTypeChoiceViewController.swift */ = {isa = PBXFileReference; lastKnownFileType = sourcecode.swift; path = TrackerTypeChoiceViewController.swift; sourceTree = "<group>"; };
		BC307D0E2A79814C0076AA89 /* NewTrackerViewController.swift */ = {isa = PBXFileReference; lastKnownFileType = sourcecode.swift; path = NewTrackerViewController.swift; sourceTree = "<group>"; };
		BC51570F2A72D3F80080B6EA /* Tracker.app */ = {isa = PBXFileReference; explicitFileType = wrapper.application; includeInIndex = 0; path = Tracker.app; sourceTree = BUILT_PRODUCTS_DIR; };
		BC5157122A72D3F80080B6EA /* AppDelegate.swift */ = {isa = PBXFileReference; lastKnownFileType = sourcecode.swift; path = AppDelegate.swift; sourceTree = "<group>"; };
		BC5157142A72D3F80080B6EA /* SceneDelegate.swift */ = {isa = PBXFileReference; lastKnownFileType = sourcecode.swift; path = SceneDelegate.swift; sourceTree = "<group>"; };
		BC5157162A72D3F90080B6EA /* TrackerListViewController.swift */ = {isa = PBXFileReference; lastKnownFileType = sourcecode.swift; path = TrackerListViewController.swift; sourceTree = "<group>"; };
		BC51571C2A72D3F90080B6EA /* Tracker.xcdatamodel */ = {isa = PBXFileReference; lastKnownFileType = wrapper.xcdatamodel; path = Tracker.xcdatamodel; sourceTree = "<group>"; };
		BC51571E2A72D3F90080B6EA /* Assets.xcassets */ = {isa = PBXFileReference; lastKnownFileType = folder.assetcatalog; path = Assets.xcassets; sourceTree = "<group>"; };
		BC5157212A72D3F90080B6EA /* Base */ = {isa = PBXFileReference; lastKnownFileType = file.storyboard; name = Base; path = Base.lproj/LaunchScreen.storyboard; sourceTree = "<group>"; };
		BC5157232A72D3F90080B6EA /* Info.plist */ = {isa = PBXFileReference; lastKnownFileType = text.plist.xml; path = Info.plist; sourceTree = "<group>"; };
		BC52A7542A7C17CA009D9CEB /* TrackerCell.swift */ = {isa = PBXFileReference; lastKnownFileType = sourcecode.swift; path = TrackerCell.swift; sourceTree = "<group>"; };
		BC537A1E2A803CE600407C34 /* FilterViewController.swift */ = {isa = PBXFileReference; lastKnownFileType = sourcecode.swift; path = FilterViewController.swift; sourceTree = "<group>"; };
		BC75DC612A7D5959001CB797 /* TimetableViewController.swift */ = {isa = PBXFileReference; lastKnownFileType = sourcecode.swift; path = TimetableViewController.swift; sourceTree = "<group>"; };
		BC75DC632A7D596C001CB797 /* CategoryListViewController.swift */ = {isa = PBXFileReference; lastKnownFileType = sourcecode.swift; path = CategoryListViewController.swift; sourceTree = "<group>"; };
		BC75DC652A7D5999001CB797 /* NewCategoryViewController.swift */ = {isa = PBXFileReference; lastKnownFileType = sourcecode.swift; path = NewCategoryViewController.swift; sourceTree = "<group>"; };
		BC75DC672A7D8831001CB797 /* EmptyTablePlaceholder.swift */ = {isa = PBXFileReference; lastKnownFileType = sourcecode.swift; path = EmptyTablePlaceholder.swift; sourceTree = "<group>"; };
		BC9E20512A97AAC500D30116 /* TrackerCatHeader.swift */ = {isa = PBXFileReference; lastKnownFileType = sourcecode.swift; path = TrackerCatHeader.swift; sourceTree = "<group>"; };
		BCB7239C2A96309B00AB7FA7 /* GerericAppButton.swift */ = {isa = PBXFileReference; lastKnownFileType = sourcecode.swift; path = GerericAppButton.swift; sourceTree = "<group>"; };
		BCE240D62AA790450040C2C8 /* OnboardingViewController.swift */ = {isa = PBXFileReference; lastKnownFileType = sourcecode.swift; path = OnboardingViewController.swift; sourceTree = "<group>"; };
		BCE240D82AA7997B0040C2C8 /* OnboardingPageController.swift */ = {isa = PBXFileReference; lastKnownFileType = sourcecode.swift; path = OnboardingPageController.swift; sourceTree = "<group>"; };
		BCE240DB2AA7A6690040C2C8 /* CategoryListViewModel.swift */ = {isa = PBXFileReference; lastKnownFileType = sourcecode.swift; path = CategoryListViewModel.swift; sourceTree = "<group>"; };
		BCE240DD2AA8FF620040C2C8 /* Observable.swift */ = {isa = PBXFileReference; lastKnownFileType = sourcecode.swift; path = Observable.swift; sourceTree = "<group>"; };
		BCE38F462A98C280005BE0E6 /* TimetableCell.swift */ = {isa = PBXFileReference; lastKnownFileType = sourcecode.swift; path = TimetableCell.swift; sourceTree = "<group>"; };
		BCE38F482A98D190005BE0E6 /* Extension UIImage.swift */ = {isa = PBXFileReference; lastKnownFileType = sourcecode.swift; path = "Extension UIImage.swift"; sourceTree = "<group>"; };
		BCE38F4A2A98FDF8005BE0E6 /* TrackerNameField.swift */ = {isa = PBXFileReference; lastKnownFileType = sourcecode.swift; path = TrackerNameField.swift; sourceTree = "<group>"; };
		BCE38F4F2A98FEFB005BE0E6 /* Tracker.swift */ = {isa = PBXFileReference; lastKnownFileType = sourcecode.swift; path = Tracker.swift; sourceTree = "<group>"; };
		BCE38F512A98FF77005BE0E6 /* TrackerRecord.swift */ = {isa = PBXFileReference; lastKnownFileType = sourcecode.swift; path = TrackerRecord.swift; sourceTree = "<group>"; };
		BCE38F532A98FFAE005BE0E6 /* TrackerCategory.swift */ = {isa = PBXFileReference; lastKnownFileType = sourcecode.swift; path = TrackerCategory.swift; sourceTree = "<group>"; };
		BCE38F552A9904B2005BE0E6 /* Extension UIViewController.swift */ = {isa = PBXFileReference; lastKnownFileType = sourcecode.swift; path = "Extension UIViewController.swift"; sourceTree = "<group>"; };
		BCE38F572A9B4590005BE0E6 /* ColorCell.swift */ = {isa = PBXFileReference; lastKnownFileType = sourcecode.swift; path = ColorCell.swift; sourceTree = "<group>"; };
		BCE38F592A9B45D0005BE0E6 /* EmojiCell.swift */ = {isa = PBXFileReference; lastKnownFileType = sourcecode.swift; path = EmojiCell.swift; sourceTree = "<group>"; };
		BCE38F902A9FBCBA005BE0E6 /* TrackerStore.swift */ = {isa = PBXFileReference; lastKnownFileType = sourcecode.swift; path = TrackerStore.swift; sourceTree = "<group>"; };
		BCE38F922A9FBCD7005BE0E6 /* RecordStore.swift */ = {isa = PBXFileReference; lastKnownFileType = sourcecode.swift; path = RecordStore.swift; sourceTree = "<group>"; };
		BCE38F942A9FBCF2005BE0E6 /* CategoryStore.swift */ = {isa = PBXFileReference; lastKnownFileType = sourcecode.swift; path = CategoryStore.swift; sourceTree = "<group>"; };
		BCF2FBDE2A7ACDDF007E6583 /* StorageService.swift */ = {isa = PBXFileReference; lastKnownFileType = sourcecode.swift; path = StorageService.swift; sourceTree = "<group>"; };
/* End PBXFileReference section */

/* Begin PBXFrameworksBuildPhase section */
		BC51570C2A72D3F80080B6EA /* Frameworks */ = {
			isa = PBXFrameworksBuildPhase;
			buildActionMask = 2147483647;
			files = (
			);
			runOnlyForDeploymentPostprocessing = 0;
		};
/* End PBXFrameworksBuildPhase section */

/* Begin PBXGroup section */
		BC1D45602AB222D7007D5F5A /* Statistics */ = {
			isa = PBXGroup;
			children = (
				BC307D0A2A7980830076AA89 /* StatisticsViewController.swift */,
				BC1D45612AB22319007D5F5A /* StatisticsCell.swift */,
				BC2A7BAB2AB4321600335654 /* StatisticsViewModel.swift */,
				BC2A7BAD2AB4322400335654 /* StatisticsService.swift */,
			);
			path = Statistics;
			sourceTree = "<group>";
		};
		BC307CFF2A7976EE0076AA89 /* Presentation */ = {
			isa = PBXGroup;
			children = (
				BC307D082A79805F0076AA89 /* TabBarController.swift */,
				BC2A7BAF2AB64ACC00335654 /* AlertPresenter.swift */,
				BCE240D52AA7902D0040C2C8 /* Onboarding */,
				BC75DC602A7D58D7001CB797 /* Create + Edit */,
				BCE38F4C2A98FE31005BE0E6 /* TrackerList */,
				BC1D45602AB222D7007D5F5A /* Statistics */,
			);
			path = Presentation;
			sourceTree = "<group>";
		};
		BC5157062A72D3F80080B6EA = {
			isa = PBXGroup;
			children = (
				BC5157112A72D3F80080B6EA /* Tracker */,
				BC5157102A72D3F80080B6EA /* Products */,
			);
			sourceTree = "<group>";
		};
		BC5157102A72D3F80080B6EA /* Products */ = {
			isa = PBXGroup;
			children = (
				BC51570F2A72D3F80080B6EA /* Tracker.app */,
			);
			name = Products;
			sourceTree = "<group>";
		};
		BC5157112A72D3F80080B6EA /* Tracker */ = {
			isa = PBXGroup;
			children = (
				BCA9D11A2AACED1900795609 /* Resources */,
				BCE38F8E2A9FBC78005BE0E6 /* CoreData */,
				BCE38F8F2A9FBC9B005BE0E6 /* Storage */,
				BCE38F4E2A98FE9F005BE0E6 /* Models */,
				BCE38F4D2A98FE5D005BE0E6 /* Extensions + UI Elements */,
				BC307CFF2A7976EE0076AA89 /* Presentation */,
				BC5157122A72D3F80080B6EA /* AppDelegate.swift */,
				BC5157142A72D3F80080B6EA /* SceneDelegate.swift */,
				BC51571E2A72D3F90080B6EA /* Assets.xcassets */,
				BC5157202A72D3F90080B6EA /* LaunchScreen.storyboard */,
				BC5157232A72D3F90080B6EA /* Info.plist */,
			);
			path = Tracker;
			sourceTree = "<group>";
		};
		BC75DC602A7D58D7001CB797 /* Create + Edit */ = {
			isa = PBXGroup;
			children = (
				BCE240DA2AA7A6410040C2C8 /* CategoryManagement */,
				BC307D0E2A79814C0076AA89 /* NewTrackerViewController.swift */,
				BC1D387A2A8EA02400B6F976 /* NewTrackerDelegate.swift */,
				BCE38F592A9B45D0005BE0E6 /* EmojiCell.swift */,
				BCE38F572A9B4590005BE0E6 /* ColorCell.swift */,
				BC307D0C2A79810A0076AA89 /* TrackerTypeChoiceViewController.swift */,
				BC75DC612A7D5959001CB797 /* TimetableViewController.swift */,
				BCE38F462A98C280005BE0E6 /* TimetableCell.swift */,
			);
			path = "Create + Edit";
			sourceTree = "<group>";
		};
		BCA9D11A2AACED1900795609 /* Resources */ = {
			isa = PBXGroup;
			children = (
				BC2A7BB42AB778E400335654 /* Localizable.strings */,
				BC2A7BB92AB77A9D00335654 /* Localizable.stringsdict */,
			);
			path = Resources;
			sourceTree = "<group>";
		};
		BCE240D52AA7902D0040C2C8 /* Onboarding */ = {
			isa = PBXGroup;
			children = (
				BCE240D62AA790450040C2C8 /* OnboardingViewController.swift */,
				BCE240D82AA7997B0040C2C8 /* OnboardingPageController.swift */,
			);
			path = Onboarding;
			sourceTree = "<group>";
		};
		BCE240DA2AA7A6410040C2C8 /* CategoryManagement */ = {
			isa = PBXGroup;
			children = (
				BC75DC632A7D596C001CB797 /* CategoryListViewController.swift */,
				BCE240DB2AA7A6690040C2C8 /* CategoryListViewModel.swift */,
				BC75DC652A7D5999001CB797 /* NewCategoryViewController.swift */,
				BCE240DD2AA8FF620040C2C8 /* Observable.swift */,
			);
			path = CategoryManagement;
			sourceTree = "<group>";
		};
		BCE38F4C2A98FE31005BE0E6 /* TrackerList */ = {
			isa = PBXGroup;
			children = (
				BC537A1E2A803CE600407C34 /* FilterViewController.swift */,
				BC52A7542A7C17CA009D9CEB /* TrackerCell.swift */,
				BC5157162A72D3F90080B6EA /* TrackerListViewController.swift */,
				BC9E20512A97AAC500D30116 /* TrackerCatHeader.swift */,
			);
			path = TrackerList;
			sourceTree = "<group>";
		};
		BCE38F4D2A98FE5D005BE0E6 /* Extensions + UI Elements */ = {
			isa = PBXGroup;
			children = (
				BCB7239C2A96309B00AB7FA7 /* GerericAppButton.swift */,
				BC75DC672A7D8831001CB797 /* EmptyTablePlaceholder.swift */,
				BC307D002A7977030076AA89 /* Extension UIColor + Emojis.swift */,
				BCE38F482A98D190005BE0E6 /* Extension UIImage.swift */,
				BCE38F4A2A98FDF8005BE0E6 /* TrackerNameField.swift */,
				BC307D022A797D820076AA89 /* Extension DateFormatter + Weekdays.swift */,
				BCE38F552A9904B2005BE0E6 /* Extension UIViewController.swift */,
			);
			path = "Extensions + UI Elements";
			sourceTree = "<group>";
		};
		BCE38F4E2A98FE9F005BE0E6 /* Models */ = {
			isa = PBXGroup;
			children = (
				BCE38F4F2A98FEFB005BE0E6 /* Tracker.swift */,
				BCE38F512A98FF77005BE0E6 /* TrackerRecord.swift */,
				BCE38F532A98FFAE005BE0E6 /* TrackerCategory.swift */,
			);
			path = Models;
			sourceTree = "<group>";
		};
		BCE38F8E2A9FBC78005BE0E6 /* CoreData */ = {
			isa = PBXGroup;
			children = (
				BC51571B2A72D3F90080B6EA /* Tracker.xcdatamodeld */,
			);
			path = CoreData;
			sourceTree = "<group>";
		};
		BCE38F8F2A9FBC9B005BE0E6 /* Storage */ = {
			isa = PBXGroup;
			children = (
				BCF2FBDE2A7ACDDF007E6583 /* StorageService.swift */,
				BCE38F902A9FBCBA005BE0E6 /* TrackerStore.swift */,
				BCE38F922A9FBCD7005BE0E6 /* RecordStore.swift */,
				BCE38F942A9FBCF2005BE0E6 /* CategoryStore.swift */,
			);
			path = Storage;
			sourceTree = "<group>";
		};
/* End PBXGroup section */

/* Begin PBXNativeTarget section */
		BC51570E2A72D3F80080B6EA /* Tracker */ = {
			isa = PBXNativeTarget;
			buildConfigurationList = BC5157262A72D3F90080B6EA /* Build configuration list for PBXNativeTarget "Tracker" */;
			buildPhases = (
				BC51570B2A72D3F80080B6EA /* Sources */,
				BC51570C2A72D3F80080B6EA /* Frameworks */,
				BC51570D2A72D3F80080B6EA /* Resources */,
			);
			buildRules = (
			);
			dependencies = (
			);
			name = Tracker;
			productName = Tracker;
			productReference = BC51570F2A72D3F80080B6EA /* Tracker.app */;
			productType = "com.apple.product-type.application";
		};
/* End PBXNativeTarget section */

/* Begin PBXProject section */
		BC5157072A72D3F80080B6EA /* Project object */ = {
			isa = PBXProject;
			attributes = {
				BuildIndependentTargetsInParallel = 1;
				LastSwiftUpdateCheck = 1430;
				LastUpgradeCheck = 1430;
				TargetAttributes = {
					BC51570E2A72D3F80080B6EA = {
						CreatedOnToolsVersion = 14.3.1;
					};
				};
			};
			buildConfigurationList = BC51570A2A72D3F80080B6EA /* Build configuration list for PBXProject "Tracker" */;
			compatibilityVersion = "Xcode 14.0";
			developmentRegion = ru;
			hasScannedForEncodings = 0;
			knownRegions = (
				en,
				Base,
				ru,
			);
			mainGroup = BC5157062A72D3F80080B6EA;
			productRefGroup = BC5157102A72D3F80080B6EA /* Products */;
			projectDirPath = "";
			projectRoot = "";
			targets = (
				BC51570E2A72D3F80080B6EA /* Tracker */,
			);
		};
/* End PBXProject section */

/* Begin PBXResourcesBuildPhase section */
		BC51570D2A72D3F80080B6EA /* Resources */ = {
			isa = PBXResourcesBuildPhase;
			buildActionMask = 2147483647;
			files = (
				BC5157222A72D3F90080B6EA /* LaunchScreen.storyboard in Resources */,
				BC2A7BB72AB77A9D00335654 /* Localizable.stringsdict in Resources */,
				BC2A7BB22AB778E400335654 /* Localizable.strings in Resources */,
				BC51571F2A72D3F90080B6EA /* Assets.xcassets in Resources */,
			);
			runOnlyForDeploymentPostprocessing = 0;
		};
/* End PBXResourcesBuildPhase section */

/* Begin PBXSourcesBuildPhase section */
		BC51570B2A72D3F80080B6EA /* Sources */ = {
			isa = PBXSourcesBuildPhase;
			buildActionMask = 2147483647;
			files = (
				BC75DC682A7D8831001CB797 /* EmptyTablePlaceholder.swift in Sources */,
				BCE38F932A9FBCD7005BE0E6 /* RecordStore.swift in Sources */,
				BC307D032A797D820076AA89 /* Extension DateFormatter + Weekdays.swift in Sources */,
				BC307D092A79805F0076AA89 /* TabBarController.swift in Sources */,
				BCE240DE2AA8FF620040C2C8 /* Observable.swift in Sources */,
				BC537A1F2A803CE600407C34 /* FilterViewController.swift in Sources */,
				BC307D0F2A79814C0076AA89 /* NewTrackerViewController.swift in Sources */,
				BCE38F562A9904B2005BE0E6 /* Extension UIViewController.swift in Sources */,
				BCE38F4B2A98FDF8005BE0E6 /* TrackerNameField.swift in Sources */,
				BC51571D2A72D3F90080B6EA /* Tracker.xcdatamodeld in Sources */,
				BC52A7552A7C17CA009D9CEB /* TrackerCell.swift in Sources */,
				BC5157172A72D3F90080B6EA /* TrackerListViewController.swift in Sources */,
				BCE38F582A9B4590005BE0E6 /* ColorCell.swift in Sources */,
				BC5157132A72D3F80080B6EA /* AppDelegate.swift in Sources */,
				BC9E20522A97AAC500D30116 /* TrackerCatHeader.swift in Sources */,
				BC75DC662A7D5999001CB797 /* NewCategoryViewController.swift in Sources */,
				BCE38F912A9FBCBA005BE0E6 /* TrackerStore.swift in Sources */,
				BCE38F502A98FEFB005BE0E6 /* Tracker.swift in Sources */,
				BC1D387B2A8EA02400B6F976 /* NewTrackerDelegate.swift in Sources */,
				BC75DC622A7D5959001CB797 /* TimetableViewController.swift in Sources */,
				BC75DC642A7D596C001CB797 /* CategoryListViewController.swift in Sources */,
				BC307D0D2A79810A0076AA89 /* TrackerTypeChoiceViewController.swift in Sources */,
				BCB7239D2A96309B00AB7FA7 /* GerericAppButton.swift in Sources */,
				BCE38F542A98FFAE005BE0E6 /* TrackerCategory.swift in Sources */,
				BC307D012A7977030076AA89 /* Extension UIColor + Emojis.swift in Sources */,
				BC307D0B2A7980830076AA89 /* StatisticsViewController.swift in Sources */,
				BCE38F952A9FBCF2005BE0E6 /* CategoryStore.swift in Sources */,
				BCE38F522A98FF77005BE0E6 /* TrackerRecord.swift in Sources */,
				BCE240D92AA7997B0040C2C8 /* OnboardingPageController.swift in Sources */,
				BC2A7BAC2AB4321700335654 /* StatisticsViewModel.swift in Sources */,
				BC1D45622AB22319007D5F5A /* StatisticsCell.swift in Sources */,
				BC2A7BAE2AB4322400335654 /* StatisticsService.swift in Sources */,
				BCE38F492A98D190005BE0E6 /* Extension UIImage.swift in Sources */,
				BCE38F5A2A9B45D0005BE0E6 /* EmojiCell.swift in Sources */,
				BC5157152A72D3F80080B6EA /* SceneDelegate.swift in Sources */,
				BCE240DC2AA7A6690040C2C8 /* CategoryListViewModel.swift in Sources */,
				BC2A7BB02AB64ACC00335654 /* AlertPresenter.swift in Sources */,
				BCE38F472A98C280005BE0E6 /* TimetableCell.swift in Sources */,
				BCE240D72AA790450040C2C8 /* OnboardingViewController.swift in Sources */,
				BCF2FBDF2A7ACDDF007E6583 /* StorageService.swift in Sources */,
			);
			runOnlyForDeploymentPostprocessing = 0;
		};
/* End PBXSourcesBuildPhase section */

/* Begin PBXVariantGroup section */
		BC2A7BB42AB778E400335654 /* Localizable.strings */ = {
			isa = PBXVariantGroup;
			children = (
				BC2A7BB52AB778E700335654 /* ru */,
				BC2A7BB62AB778F200335654 /* en */,
			);
			name = Localizable.strings;
			sourceTree = "<group>";
		};
		BC2A7BB92AB77A9D00335654 /* Localizable.stringsdict */ = {
			isa = PBXVariantGroup;
			children = (
				BC2A7BB82AB77A9D00335654 /* en */,
				BC2A7BBA2AB77AA000335654 /* ru */,
			);
			name = Localizable.stringsdict;
			sourceTree = "<group>";
		};
		BC5157202A72D3F90080B6EA /* LaunchScreen.storyboard */ = {
			isa = PBXVariantGroup;
			children = (
				BC5157212A72D3F90080B6EA /* Base */,
				BC2A7BB12AB778CE00335654 /* ru */,
			);
			name = LaunchScreen.storyboard;
			sourceTree = "<group>";
		};
/* End PBXVariantGroup section */

/* Begin XCBuildConfiguration section */
		BC5157242A72D3F90080B6EA /* Debug */ = {
			isa = XCBuildConfiguration;
			buildSettings = {
				ALWAYS_SEARCH_USER_PATHS = NO;
				CLANG_ANALYZER_LOCALIZABILITY_NONLOCALIZED = YES;
				CLANG_ANALYZER_NONNULL = YES;
				CLANG_ANALYZER_NUMBER_OBJECT_CONVERSION = YES_AGGRESSIVE;
				CLANG_CXX_LANGUAGE_STANDARD = "gnu++20";
				CLANG_ENABLE_MODULES = YES;
				CLANG_ENABLE_OBJC_ARC = YES;
				CLANG_ENABLE_OBJC_WEAK = YES;
				CLANG_WARN_BLOCK_CAPTURE_AUTORELEASING = YES;
				CLANG_WARN_BOOL_CONVERSION = YES;
				CLANG_WARN_COMMA = YES;
				CLANG_WARN_CONSTANT_CONVERSION = YES;
				CLANG_WARN_DEPRECATED_OBJC_IMPLEMENTATIONS = YES;
				CLANG_WARN_DIRECT_OBJC_ISA_USAGE = YES_ERROR;
				CLANG_WARN_DOCUMENTATION_COMMENTS = YES;
				CLANG_WARN_EMPTY_BODY = YES;
				CLANG_WARN_ENUM_CONVERSION = YES;
				CLANG_WARN_INFINITE_RECURSION = YES;
				CLANG_WARN_INT_CONVERSION = YES;
				CLANG_WARN_NON_LITERAL_NULL_CONVERSION = YES;
				CLANG_WARN_OBJC_IMPLICIT_RETAIN_SELF = YES;
				CLANG_WARN_OBJC_LITERAL_CONVERSION = YES;
				CLANG_WARN_OBJC_ROOT_CLASS = YES_ERROR;
				CLANG_WARN_QUOTED_INCLUDE_IN_FRAMEWORK_HEADER = YES;
				CLANG_WARN_RANGE_LOOP_ANALYSIS = YES;
				CLANG_WARN_STRICT_PROTOTYPES = YES;
				CLANG_WARN_SUSPICIOUS_MOVE = YES;
				CLANG_WARN_UNGUARDED_AVAILABILITY = YES_AGGRESSIVE;
				CLANG_WARN_UNREACHABLE_CODE = YES;
				CLANG_WARN__DUPLICATE_METHOD_MATCH = YES;
				COPY_PHASE_STRIP = NO;
				DEBUG_INFORMATION_FORMAT = dwarf;
				ENABLE_STRICT_OBJC_MSGSEND = YES;
				ENABLE_TESTABILITY = YES;
				GCC_C_LANGUAGE_STANDARD = gnu11;
				GCC_DYNAMIC_NO_PIC = NO;
				GCC_NO_COMMON_BLOCKS = YES;
				GCC_OPTIMIZATION_LEVEL = 0;
				GCC_PREPROCESSOR_DEFINITIONS = (
					"DEBUG=1",
					"$(inherited)",
				);
				GCC_WARN_64_TO_32_BIT_CONVERSION = YES;
				GCC_WARN_ABOUT_RETURN_TYPE = YES_ERROR;
				GCC_WARN_UNDECLARED_SELECTOR = YES;
				GCC_WARN_UNINITIALIZED_AUTOS = YES_AGGRESSIVE;
				GCC_WARN_UNUSED_FUNCTION = YES;
				GCC_WARN_UNUSED_VARIABLE = YES;
				IPHONEOS_DEPLOYMENT_TARGET = 16.4;
				MTL_ENABLE_DEBUG_INFO = INCLUDE_SOURCE;
				MTL_FAST_MATH = YES;
				ONLY_ACTIVE_ARCH = YES;
				SDKROOT = iphoneos;
				SWIFT_ACTIVE_COMPILATION_CONDITIONS = DEBUG;
				SWIFT_OPTIMIZATION_LEVEL = "-Onone";
			};
			name = Debug;
		};
		BC5157252A72D3F90080B6EA /* Release */ = {
			isa = XCBuildConfiguration;
			buildSettings = {
				ALWAYS_SEARCH_USER_PATHS = NO;
				CLANG_ANALYZER_LOCALIZABILITY_NONLOCALIZED = YES;
				CLANG_ANALYZER_NONNULL = YES;
				CLANG_ANALYZER_NUMBER_OBJECT_CONVERSION = YES_AGGRESSIVE;
				CLANG_CXX_LANGUAGE_STANDARD = "gnu++20";
				CLANG_ENABLE_MODULES = YES;
				CLANG_ENABLE_OBJC_ARC = YES;
				CLANG_ENABLE_OBJC_WEAK = YES;
				CLANG_WARN_BLOCK_CAPTURE_AUTORELEASING = YES;
				CLANG_WARN_BOOL_CONVERSION = YES;
				CLANG_WARN_COMMA = YES;
				CLANG_WARN_CONSTANT_CONVERSION = YES;
				CLANG_WARN_DEPRECATED_OBJC_IMPLEMENTATIONS = YES;
				CLANG_WARN_DIRECT_OBJC_ISA_USAGE = YES_ERROR;
				CLANG_WARN_DOCUMENTATION_COMMENTS = YES;
				CLANG_WARN_EMPTY_BODY = YES;
				CLANG_WARN_ENUM_CONVERSION = YES;
				CLANG_WARN_INFINITE_RECURSION = YES;
				CLANG_WARN_INT_CONVERSION = YES;
				CLANG_WARN_NON_LITERAL_NULL_CONVERSION = YES;
				CLANG_WARN_OBJC_IMPLICIT_RETAIN_SELF = YES;
				CLANG_WARN_OBJC_LITERAL_CONVERSION = YES;
				CLANG_WARN_OBJC_ROOT_CLASS = YES_ERROR;
				CLANG_WARN_QUOTED_INCLUDE_IN_FRAMEWORK_HEADER = YES;
				CLANG_WARN_RANGE_LOOP_ANALYSIS = YES;
				CLANG_WARN_STRICT_PROTOTYPES = YES;
				CLANG_WARN_SUSPICIOUS_MOVE = YES;
				CLANG_WARN_UNGUARDED_AVAILABILITY = YES_AGGRESSIVE;
				CLANG_WARN_UNREACHABLE_CODE = YES;
				CLANG_WARN__DUPLICATE_METHOD_MATCH = YES;
				COPY_PHASE_STRIP = NO;
				DEBUG_INFORMATION_FORMAT = "dwarf-with-dsym";
				ENABLE_NS_ASSERTIONS = NO;
				ENABLE_STRICT_OBJC_MSGSEND = YES;
				GCC_C_LANGUAGE_STANDARD = gnu11;
				GCC_NO_COMMON_BLOCKS = YES;
				GCC_WARN_64_TO_32_BIT_CONVERSION = YES;
				GCC_WARN_ABOUT_RETURN_TYPE = YES_ERROR;
				GCC_WARN_UNDECLARED_SELECTOR = YES;
				GCC_WARN_UNINITIALIZED_AUTOS = YES_AGGRESSIVE;
				GCC_WARN_UNUSED_FUNCTION = YES;
				GCC_WARN_UNUSED_VARIABLE = YES;
				IPHONEOS_DEPLOYMENT_TARGET = 16.4;
				MTL_ENABLE_DEBUG_INFO = NO;
				MTL_FAST_MATH = YES;
				SDKROOT = iphoneos;
				SWIFT_COMPILATION_MODE = wholemodule;
				SWIFT_OPTIMIZATION_LEVEL = "-O";
				VALIDATE_PRODUCT = YES;
			};
			name = Release;
		};
		BC5157272A72D3F90080B6EA /* Debug */ = {
			isa = XCBuildConfiguration;
			buildSettings = {
				ASSETCATALOG_COMPILER_APPICON_NAME = AppIcon;
				ASSETCATALOG_COMPILER_GLOBAL_ACCENT_COLOR_NAME = AccentColor;
				CODE_SIGN_STYLE = Automatic;
				CURRENT_PROJECT_VERSION = 1;
				DEVELOPMENT_TEAM = 7XT93683G9;
				GENERATE_INFOPLIST_FILE = YES;
				INFOPLIST_FILE = Tracker/Info.plist;
				INFOPLIST_KEY_UIApplicationSupportsIndirectInputEvents = YES;
				INFOPLIST_KEY_UILaunchStoryboardName = LaunchScreen.storyboard;
				INFOPLIST_KEY_UIMainStoryboardFile = "";
				INFOPLIST_KEY_UISupportedInterfaceOrientations = UIInterfaceOrientationPortrait;
				INFOPLIST_KEY_UISupportedInterfaceOrientations_iPad = "UIInterfaceOrientationLandscapeLeft UIInterfaceOrientationLandscapeRight UIInterfaceOrientationPortrait UIInterfaceOrientationPortraitUpsideDown";
				IPHONEOS_DEPLOYMENT_TARGET = 13.4;
				LD_RUNPATH_SEARCH_PATHS = (
					"$(inherited)",
					"@executable_path/Frameworks",
				);
				MARKETING_VERSION = 1.0;
				PRODUCT_BUNDLE_IDENTIFIER = ru.yp.ai.Tracker;
				PRODUCT_NAME = "$(TARGET_NAME)";
				SUPPORTED_PLATFORMS = "iphoneos iphonesimulator";
				SUPPORTS_MACCATALYST = NO;
				SUPPORTS_MAC_DESIGNED_FOR_IPHONE_IPAD = NO;
				SUPPORTS_XR_DESIGNED_FOR_IPHONE_IPAD = NO;
				SWIFT_EMIT_LOC_STRINGS = YES;
				SWIFT_VERSION = 5.0;
				TARGETED_DEVICE_FAMILY = 1;
			};
			name = Debug;
		};
		BC5157282A72D3F90080B6EA /* Release */ = {
			isa = XCBuildConfiguration;
			buildSettings = {
				ASSETCATALOG_COMPILER_APPICON_NAME = AppIcon;
				ASSETCATALOG_COMPILER_GLOBAL_ACCENT_COLOR_NAME = AccentColor;
				CODE_SIGN_STYLE = Automatic;
				CURRENT_PROJECT_VERSION = 1;
				DEVELOPMENT_TEAM = 7XT93683G9;
				GENERATE_INFOPLIST_FILE = YES;
				INFOPLIST_FILE = Tracker/Info.plist;
				INFOPLIST_KEY_UIApplicationSupportsIndirectInputEvents = YES;
				INFOPLIST_KEY_UILaunchStoryboardName = LaunchScreen.storyboard;
				INFOPLIST_KEY_UIMainStoryboardFile = "";
				INFOPLIST_KEY_UISupportedInterfaceOrientations = UIInterfaceOrientationPortrait;
				INFOPLIST_KEY_UISupportedInterfaceOrientations_iPad = "UIInterfaceOrientationLandscapeLeft UIInterfaceOrientationLandscapeRight UIInterfaceOrientationPortrait UIInterfaceOrientationPortraitUpsideDown";
				IPHONEOS_DEPLOYMENT_TARGET = 13.4;
				LD_RUNPATH_SEARCH_PATHS = (
					"$(inherited)",
					"@executable_path/Frameworks",
				);
				MARKETING_VERSION = 1.0;
				PRODUCT_BUNDLE_IDENTIFIER = ru.yp.ai.Tracker;
				PRODUCT_NAME = "$(TARGET_NAME)";
				SUPPORTED_PLATFORMS = "iphoneos iphonesimulator";
				SUPPORTS_MACCATALYST = NO;
				SUPPORTS_MAC_DESIGNED_FOR_IPHONE_IPAD = NO;
				SUPPORTS_XR_DESIGNED_FOR_IPHONE_IPAD = NO;
				SWIFT_EMIT_LOC_STRINGS = YES;
				SWIFT_VERSION = 5.0;
				TARGETED_DEVICE_FAMILY = 1;
			};
			name = Release;
		};
/* End XCBuildConfiguration section */

/* Begin XCConfigurationList section */
		BC51570A2A72D3F80080B6EA /* Build configuration list for PBXProject "Tracker" */ = {
			isa = XCConfigurationList;
			buildConfigurations = (
				BC5157242A72D3F90080B6EA /* Debug */,
				BC5157252A72D3F90080B6EA /* Release */,
			);
			defaultConfigurationIsVisible = 0;
			defaultConfigurationName = Release;
		};
		BC5157262A72D3F90080B6EA /* Build configuration list for PBXNativeTarget "Tracker" */ = {
			isa = XCConfigurationList;
			buildConfigurations = (
				BC5157272A72D3F90080B6EA /* Debug */,
				BC5157282A72D3F90080B6EA /* Release */,
			);
			defaultConfigurationIsVisible = 0;
			defaultConfigurationName = Release;
		};
/* End XCConfigurationList section */

/* Begin XCVersionGroup section */
		BC51571B2A72D3F90080B6EA /* Tracker.xcdatamodeld */ = {
			isa = XCVersionGroup;
			children = (
				BC51571C2A72D3F90080B6EA /* Tracker.xcdatamodel */,
			);
			currentVersion = BC51571C2A72D3F90080B6EA /* Tracker.xcdatamodel */;
			path = Tracker.xcdatamodeld;
			sourceTree = "<group>";
			versionGroupType = wrapper.xcdatamodel;
		};
/* End XCVersionGroup section */
	};
	rootObject = BC5157072A72D3F80080B6EA /* Project object */;
}
